
Microsoft Visual Studio Solution File, Format Version 12.00
# Visual Studio Version 17
VisualStudioVersion = 17.4.33205.214
MinimumVisualStudioVersion = 10.0.40219.1
Project("{FAE04EC0-301F-11D3-BF4B-00C04F79EFBC}") = "SeleniumHomeTaskV4_2", "SeleniumHomeTaskV4_2\SeleniumHomeTaskV4_2.csproj", "{D6AB057F-9C9C-4537-8939-242C9E5BF84C}"
EndProject
Global
	GlobalSection(SolutionConfigurationPlatforms) = preSolution
		Debug|Any CPU = Debug|Any CPU
		Release|Any CPU = Release|Any CPU
	EndGlobalSection
	GlobalSection(ProjectConfigurationPlatforms) = postSolution
		{D6AB057F-9C9C-4537-8939-242C9E5BF84C}.Debug|Any CPU.ActiveCfg = Debug|Any CPU
		{D6AB057F-9C9C-4537-8939-242C9E5BF84C}.Debug|Any CPU.Build.0 = Debug|Any CPU
		{D6AB057F-9C9C-4537-8939-242C9E5BF84C}.Release|Any CPU.ActiveCfg = Release|Any CPU
		{D6AB057F-9C9C-4537-8939-242C9E5BF84C}.Release|Any CPU.Build.0 = Release|Any CPU
	EndGlobalSection
	GlobalSection(SolutionProperties) = preSolution
		HideSolutionNode = FALSE
	EndGlobalSection
	GlobalSection(ExtensibilityGlobals) = postSolution
		SolutionGuid = {C7156940-98F0-4CD5-AF46-242128903C67}
	EndGlobalSection
EndGlobal
